
Microsoft Visual Studio Solution File, Format Version 12.00
# Visual Studio Version 16
VisualStudioVersion = 16.0.30104.148
MinimumVisualStudioVersion = 10.0.40219.1
Project("{9A19103F-16F7-4668-BE54-9A1E7A4F7556}") = "AutoFacDemo", "AutoFacDemo\AutoFacDemo.csproj", "{DD802DC1-2644-4D77-86D0-3649C20D2259}"
EndProject
Project("{FAE04EC0-301F-11D3-BF4B-00C04F79EFBC}") = "Auto.Interface", "Auto.Interface\Auto.Interface.csproj", "{EC4AB324-1C17-4C0A-AB31-948A1DC266AB}"
EndProject
Project("{FAE04EC0-301F-11D3-BF4B-00C04F79EFBC}") = "Auto.Services", "Auto.Services\Auto.Services.csproj", "{47CDA304-6F2B-4FBF-B57A-E83385F449A7}"
EndProject
Global
	GlobalSection(SolutionConfigurationPlatforms) = preSolution
		Debug|Any CPU = Debug|Any CPU
		Release|Any CPU = Release|Any CPU
	EndGlobalSection
	GlobalSection(ProjectConfigurationPlatforms) = postSolution
		{DD802DC1-2644-4D77-86D0-3649C20D2259}.Debug|Any CPU.ActiveCfg = Debug|Any CPU
		{DD802DC1-2644-4D77-86D0-3649C20D2259}.Debug|Any CPU.Build.0 = Debug|Any CPU
		{DD802DC1-2644-4D77-86D0-3649C20D2259}.Release|Any CPU.ActiveCfg = Release|Any CPU
		{DD802DC1-2644-4D77-86D0-3649C20D2259}.Release|Any CPU.Build.0 = Release|Any CPU
		{EC4AB324-1C17-4C0A-AB31-948A1DC266AB}.Debug|Any CPU.ActiveCfg = Debug|Any CPU
		{EC4AB324-1C17-4C0A-AB31-948A1DC266AB}.Debug|Any CPU.Build.0 = Debug|Any CPU
		{EC4AB324-1C17-4C0A-AB31-948A1DC266AB}.Release|Any CPU.ActiveCfg = Release|Any CPU
		{EC4AB324-1C17-4C0A-AB31-948A1DC266AB}.Release|Any CPU.Build.0 = Release|Any CPU
		{47CDA304-6F2B-4FBF-B57A-E83385F449A7}.Debug|Any CPU.ActiveCfg = Debug|Any CPU
		{47CDA304-6F2B-4FBF-B57A-E83385F449A7}.Debug|Any CPU.Build.0 = Debug|Any CPU
		{47CDA304-6F2B-4FBF-B57A-E83385F449A7}.Release|Any CPU.ActiveCfg = Release|Any CPU
		{47CDA304-6F2B-4FBF-B57A-E83385F449A7}.Release|Any CPU.Build.0 = Release|Any CPU
	EndGlobalSection
	GlobalSection(SolutionProperties) = preSolution
		HideSolutionNode = FALSE
	EndGlobalSection
	GlobalSection(ExtensibilityGlobals) = postSolution
		SolutionGuid = {04678899-3B9F-4421-9B76-25C3F2E50ECB}
	EndGlobalSection
EndGlobal
